// !$*UTF8*$!
{
	archiveVersion = 1;
	classes = {
	};
	objectVersion = 50;
	objects = {

/* Begin PBXBuildFile section */
		095E43C9268BACC50048D80C /* AppDelegate.swift in Sources */ = {isa = PBXBuildFile; fileRef = 095E43C8268BACC50048D80C /* AppDelegate.swift */; };
		095E43CB268BACC50048D80C /* SceneDelegate.swift in Sources */ = {isa = PBXBuildFile; fileRef = 095E43CA268BACC50048D80C /* SceneDelegate.swift */; };
		095E43CD268BACC50048D80C /* ViewController.swift in Sources */ = {isa = PBXBuildFile; fileRef = 095E43CC268BACC50048D80C /* ViewController.swift */; };
		095E43D0268BACC50048D80C /* Main.storyboard in Resources */ = {isa = PBXBuildFile; fileRef = 095E43CE268BACC50048D80C /* Main.storyboard */; };
		095E43D2268BACCB0048D80C /* Assets.xcassets in Resources */ = {isa = PBXBuildFile; fileRef = 095E43D1268BACCB0048D80C /* Assets.xcassets */; };
		095E43D5268BACCB0048D80C /* LaunchScreen.storyboard in Resources */ = {isa = PBXBuildFile; fileRef = 095E43D3268BACCB0048D80C /* LaunchScreen.storyboard */; };
		09863A9B268C2EB900F99EA4 /* MoodTrackerViewController.swift in Sources */ = {isa = PBXBuildFile; fileRef = 09863A9A268C2EB900F99EA4 /* MoodTrackerViewController.swift */; };
		0A9B4C8C268DE43B00ABE500 /* ToDoTableTableViewController.swift in Sources */ = {isa = PBXBuildFile; fileRef = 0A9B4C8B268DE43B00ABE500 /* ToDoTableTableViewController.swift */; };
		0A9B4C8E268DE4AB00ABE500 /* ToDo.swift in Sources */ = {isa = PBXBuildFile; fileRef = 0A9B4C8D268DE4AB00ABE500 /* ToDo.swift */; };
		0A9B4C94268DE80C00ABE500 /* AddToDoViewController.swift in Sources */ = {isa = PBXBuildFile; fileRef = 0A9B4C93268DE80C00ABE500 /* AddToDoViewController.swift */; };
		0A9B4C96268E0F5F00ABE500 /* CompleteToDoViewController.swift in Sources */ = {isa = PBXBuildFile; fileRef = 0A9B4C95268E0F5F00ABE500 /* CompleteToDoViewController.swift */; };
		91EA8C75268BF7BA003A025F /* Nexa-Font in Resources */ = {isa = PBXBuildFile; fileRef = 91EA8C74268BF7BA003A025F /* Nexa-Font */; };
		91F5390C268E43AE00A2A5A0 /* DataModel.xcdatamodeld in Sources */ = {isa = PBXBuildFile; fileRef = 91F5390A268E43AE00A2A5A0 /* DataModel.xcdatamodeld */; };
		A8ABED50268CEA440001536D /* ResourcesViewController.swift in Sources */ = {isa = PBXBuildFile; fileRef = A8ABED4F268CEA440001536D /* ResourcesViewController.swift */; };
/* End PBXBuildFile section */

/* Begin PBXFileReference section */
		095E43C5268BACC50048D80C /* TranquiliTree.app */ = {isa = PBXFileReference; explicitFileType = wrapper.application; includeInIndex = 0; path = TranquiliTree.app; sourceTree = BUILT_PRODUCTS_DIR; };
		095E43C8268BACC50048D80C /* AppDelegate.swift */ = {isa = PBXFileReference; lastKnownFileType = sourcecode.swift; path = AppDelegate.swift; sourceTree = "<group>"; };
		095E43CA268BACC50048D80C /* SceneDelegate.swift */ = {isa = PBXFileReference; lastKnownFileType = sourcecode.swift; path = SceneDelegate.swift; sourceTree = "<group>"; };
		095E43CC268BACC50048D80C /* ViewController.swift */ = {isa = PBXFileReference; lastKnownFileType = sourcecode.swift; path = ViewController.swift; sourceTree = "<group>"; };
		095E43CF268BACC50048D80C /* Base */ = {isa = PBXFileReference; lastKnownFileType = file.storyboard; name = Base; path = Base.lproj/Main.storyboard; sourceTree = "<group>"; };
		095E43D1268BACCB0048D80C /* Assets.xcassets */ = {isa = PBXFileReference; lastKnownFileType = folder.assetcatalog; path = Assets.xcassets; sourceTree = "<group>"; };
		095E43D4268BACCB0048D80C /* Base */ = {isa = PBXFileReference; lastKnownFileType = file.storyboard; name = Base; path = Base.lproj/LaunchScreen.storyboard; sourceTree = "<group>"; };
		095E43D6268BACCB0048D80C /* Info.plist */ = {isa = PBXFileReference; lastKnownFileType = text.plist.xml; path = Info.plist; sourceTree = "<group>"; };
		09863A9A268C2EB900F99EA4 /* MoodTrackerViewController.swift */ = {isa = PBXFileReference; lastKnownFileType = sourcecode.swift; path = MoodTrackerViewController.swift; sourceTree = "<group>"; };
		0A9B4C8B268DE43B00ABE500 /* ToDoTableTableViewController.swift */ = {isa = PBXFileReference; lastKnownFileType = sourcecode.swift; path = ToDoTableTableViewController.swift; sourceTree = "<group>"; };
		0A9B4C8D268DE4AB00ABE500 /* ToDo.swift */ = {isa = PBXFileReference; lastKnownFileType = sourcecode.swift; path = ToDo.swift; sourceTree = "<group>"; };
		0A9B4C93268DE80C00ABE500 /* AddToDoViewController.swift */ = {isa = PBXFileReference; lastKnownFileType = sourcecode.swift; path = AddToDoViewController.swift; sourceTree = "<group>"; };
		0A9B4C95268E0F5F00ABE500 /* CompleteToDoViewController.swift */ = {isa = PBXFileReference; lastKnownFileType = sourcecode.swift; path = CompleteToDoViewController.swift; sourceTree = "<group>"; };
		91EA8C74268BF7BA003A025F /* Nexa-Font */ = {isa = PBXFileReference; lastKnownFileType = folder; name = "Nexa-Font"; path = "../../../Downloads/Nexa-Font"; sourceTree = "<group>"; };
		91F5390B268E43AE00A2A5A0 /* DataModel.xcdatamodel */ = {isa = PBXFileReference; lastKnownFileType = wrapper.xcdatamodel; path = DataModel.xcdatamodel; sourceTree = "<group>"; };
		A8ABED4F268CEA440001536D /* ResourcesViewController.swift */ = {isa = PBXFileReference; lastKnownFileType = sourcecode.swift; path = ResourcesViewController.swift; sourceTree = "<group>"; };
/* End PBXFileReference section */

/* Begin PBXFrameworksBuildPhase section */
		095E43C2268BACC50048D80C /* Frameworks */ = {
			isa = PBXFrameworksBuildPhase;
			buildActionMask = 2147483647;
			files = (
			);
			runOnlyForDeploymentPostprocessing = 0;
		};
/* End PBXFrameworksBuildPhase section */

/* Begin PBXGroup section */
		095E43BC268BACC50048D80C = {
			isa = PBXGroup;
			children = (
				095E43C7268BACC50048D80C /* TranquiliTree */,
				095E43C6268BACC50048D80C /* Products */,
			);
			sourceTree = "<group>";
		};
		095E43C6268BACC50048D80C /* Products */ = {
			isa = PBXGroup;
			children = (
				095E43C5268BACC50048D80C /* TranquiliTree.app */,
			);
			name = Products;
			sourceTree = "<group>";
		};
		095E43C7268BACC50048D80C /* TranquiliTree */ = {
			isa = PBXGroup;
			children = (
				095E43C8268BACC50048D80C /* AppDelegate.swift */,
				095E43CA268BACC50048D80C /* SceneDelegate.swift */,
				095E43CC268BACC50048D80C /* ViewController.swift */,
				095E43CE268BACC50048D80C /* Main.storyboard */,
				91EA8C74268BF7BA003A025F /* Nexa-Font */,
				095E43D1268BACCB0048D80C /* Assets.xcassets */,
				095E43D3268BACCB0048D80C /* LaunchScreen.storyboard */,
				095E43D6268BACCB0048D80C /* Info.plist */,
				09863A9A268C2EB900F99EA4 /* MoodTrackerViewController.swift */,
				A8ABED4F268CEA440001536D /* ResourcesViewController.swift */,
				0A9B4C8B268DE43B00ABE500 /* ToDoTableTableViewController.swift */,
				0A9B4C8D268DE4AB00ABE500 /* ToDo.swift */,
				0A9B4C93268DE80C00ABE500 /* AddToDoViewController.swift */,
				0A9B4C95268E0F5F00ABE500 /* CompleteToDoViewController.swift */,
				91F5390A268E43AE00A2A5A0 /* DataModel.xcdatamodeld */,
			);
			path = TranquiliTree;
			sourceTree = "<group>";
		};
/* End PBXGroup section */

/* Begin PBXNativeTarget section */
		095E43C4268BACC50048D80C /* TranquiliTree */ = {
			isa = PBXNativeTarget;
			buildConfigurationList = 095E43D9268BACCB0048D80C /* Build configuration list for PBXNativeTarget "TranquiliTree" */;
			buildPhases = (
				095E43C1268BACC50048D80C /* Sources */,
				095E43C2268BACC50048D80C /* Frameworks */,
				095E43C3268BACC50048D80C /* Resources */,
			);
			buildRules = (
			);
			dependencies = (
			);
			name = TranquiliTree;
			productName = TranquiliTree;
			productReference = 095E43C5268BACC50048D80C /* TranquiliTree.app */;
			productType = "com.apple.product-type.application";
		};
/* End PBXNativeTarget section */

/* Begin PBXProject section */
		095E43BD268BACC50048D80C /* Project object */ = {
			isa = PBXProject;
			attributes = {
				LastSwiftUpdateCheck = 1130;
				LastUpgradeCheck = 1130;
				ORGANIZATIONNAME = "Kennedi Robison";
				TargetAttributes = {
					095E43C4268BACC50048D80C = {
						CreatedOnToolsVersion = 11.3.1;
					};
				};
			};
			buildConfigurationList = 095E43C0268BACC50048D80C /* Build configuration list for PBXProject "TranquiliTree" */;
			compatibilityVersion = "Xcode 9.3";
			developmentRegion = en;
			hasScannedForEncodings = 0;
			knownRegions = (
				en,
				Base,
			);
			mainGroup = 095E43BC268BACC50048D80C;
			productRefGroup = 095E43C6268BACC50048D80C /* Products */;
			projectDirPath = "";
			projectRoot = "";
			targets = (
				095E43C4268BACC50048D80C /* TranquiliTree */,
			);
		};
/* End PBXProject section */

/* Begin PBXResourcesBuildPhase section */
		095E43C3268BACC50048D80C /* Resources */ = {
			isa = PBXResourcesBuildPhase;
			buildActionMask = 2147483647;
			files = (
				095E43D5268BACCB0048D80C /* LaunchScreen.storyboard in Resources */,
				91EA8C75268BF7BA003A025F /* Nexa-Font in Resources */,
				095E43D2268BACCB0048D80C /* Assets.xcassets in Resources */,
				095E43D0268BACC50048D80C /* Main.storyboard in Resources */,
			);
			runOnlyForDeploymentPostprocessing = 0;
		};
/* End PBXResourcesBuildPhase section */

/* Begin PBXSourcesBuildPhase section */
		095E43C1268BACC50048D80C /* Sources */ = {
			isa = PBXSourcesBuildPhase;
			buildActionMask = 2147483647;
			files = (
				A8ABED50268CEA440001536D /* ResourcesViewController.swift in Sources */,
				91F5390C268E43AE00A2A5A0 /* DataModel.xcdatamodeld in Sources */,
				0A9B4C8E268DE4AB00ABE500 /* ToDo.swift in Sources */,
				09863A9B268C2EB900F99EA4 /* MoodTrackerViewController.swift in Sources */,
				095E43CD268BACC50048D80C /* ViewController.swift in Sources */,
				0A9B4C94268DE80C00ABE500 /* AddToDoViewController.swift in Sources */,
				095E43C9268BACC50048D80C /* AppDelegate.swift in Sources */,
				0A9B4C8C268DE43B00ABE500 /* ToDoTableTableViewController.swift in Sources */,
				0A9B4C96268E0F5F00ABE500 /* CompleteToDoViewController.swift in Sources */,
				095E43CB268BACC50048D80C /* SceneDelegate.swift in Sources */,
			);
			runOnlyForDeploymentPostprocessing = 0;
		};
/* End PBXSourcesBuildPhase section */

/* Begin PBXVariantGroup section */
		095E43CE268BACC50048D80C /* Main.storyboard */ = {
			isa = PBXVariantGroup;
			children = (
				095E43CF268BACC50048D80C /* Base */,
			);
			name = Main.storyboard;
			sourceTree = "<group>";
		};
		095E43D3268BACCB0048D80C /* LaunchScreen.storyboard */ = {
			isa = PBXVariantGroup;
			children = (
				095E43D4268BACCB0048D80C /* Base */,
			);
			name = LaunchScreen.storyboard;
			sourceTree = "<group>";
		};
/* End PBXVariantGroup section */

/* Begin XCBuildConfiguration section */
		095E43D7268BACCB0048D80C /* Debug */ = {
			isa = XCBuildConfiguration;
			buildSettings = {
				ALWAYS_SEARCH_USER_PATHS = NO;
				CLANG_ANALYZER_NONNULL = YES;
				CLANG_ANALYZER_NUMBER_OBJECT_CONVERSION = YES_AGGRESSIVE;
				CLANG_CXX_LANGUAGE_STANDARD = "gnu++14";
				CLANG_CXX_LIBRARY = "libc++";
				CLANG_ENABLE_MODULES = YES;
				CLANG_ENABLE_OBJC_ARC = YES;
				CLANG_ENABLE_OBJC_WEAK = YES;
				CLANG_WARN_BLOCK_CAPTURE_AUTORELEASING = YES;
				CLANG_WARN_BOOL_CONVERSION = YES;
				CLANG_WARN_COMMA = YES;
				CLANG_WARN_CONSTANT_CONVERSION = YES;
				CLANG_WARN_DEPRECATED_OBJC_IMPLEMENTATIONS = YES;
				CLANG_WARN_DIRECT_OBJC_ISA_USAGE = YES_ERROR;
				CLANG_WARN_DOCUMENTATION_COMMENTS = YES;
				CLANG_WARN_EMPTY_BODY = YES;
				CLANG_WARN_ENUM_CONVERSION = YES;
				CLANG_WARN_INFINITE_RECURSION = YES;
				CLANG_WARN_INT_CONVERSION = YES;
				CLANG_WARN_NON_LITERAL_NULL_CONVERSION = YES;
				CLANG_WARN_OBJC_IMPLICIT_RETAIN_SELF = YES;
				CLANG_WARN_OBJC_LITERAL_CONVERSION = YES;
				CLANG_WARN_OBJC_ROOT_CLASS = YES_ERROR;
				CLANG_WARN_RANGE_LOOP_ANALYSIS = YES;
				CLANG_WARN_STRICT_PROTOTYPES = YES;
				CLANG_WARN_SUSPICIOUS_MOVE = YES;
				CLANG_WARN_UNGUARDED_AVAILABILITY = YES_AGGRESSIVE;
				CLANG_WARN_UNREACHABLE_CODE = YES;
				CLANG_WARN__DUPLICATE_METHOD_MATCH = YES;
				COPY_PHASE_STRIP = NO;
				DEBUG_INFORMATION_FORMAT = dwarf;
				ENABLE_STRICT_OBJC_MSGSEND = YES;
				ENABLE_TESTABILITY = YES;
				GCC_C_LANGUAGE_STANDARD = gnu11;
				GCC_DYNAMIC_NO_PIC = NO;
				GCC_NO_COMMON_BLOCKS = YES;
				GCC_OPTIMIZATION_LEVEL = 0;
				GCC_PREPROCESSOR_DEFINITIONS = (
					"DEBUG=1",
					"$(inherited)",
				);
				GCC_WARN_64_TO_32_BIT_CONVERSION = YES;
				GCC_WARN_ABOUT_RETURN_TYPE = YES_ERROR;
				GCC_WARN_UNDECLARED_SELECTOR = YES;
				GCC_WARN_UNINITIALIZED_AUTOS = YES_AGGRESSIVE;
				GCC_WARN_UNUSED_FUNCTION = YES;
				GCC_WARN_UNUSED_VARIABLE = YES;
				IPHONEOS_DEPLOYMENT_TARGET = 13.2;
				MTL_ENABLE_DEBUG_INFO = INCLUDE_SOURCE;
				MTL_FAST_MATH = YES;
				ONLY_ACTIVE_ARCH = YES;
				SDKROOT = iphoneos;
				SWIFT_ACTIVE_COMPILATION_CONDITIONS = DEBUG;
				SWIFT_OPTIMIZATION_LEVEL = "-Onone";
			};
			name = Debug;
		};
		095E43D8268BACCB0048D80C /* Release */ = {
			isa = XCBuildConfiguration;
			buildSettings = {
				ALWAYS_SEARCH_USER_PATHS = NO;
				CLANG_ANALYZER_NONNULL = YES;
				CLANG_ANALYZER_NUMBER_OBJECT_CONVERSION = YES_AGGRESSIVE;
				CLANG_CXX_LANGUAGE_STANDARD = "gnu++14";
				CLANG_CXX_LIBRARY = "libc++";
				CLANG_ENABLE_MODULES = YES;
				CLANG_ENABLE_OBJC_ARC = YES;
				CLANG_ENABLE_OBJC_WEAK = YES;
				CLANG_WARN_BLOCK_CAPTURE_AUTORELEASING = YES;
				CLANG_WARN_BOOL_CONVERSION = YES;
				CLANG_WARN_COMMA = YES;
				CLANG_WARN_CONSTANT_CONVERSION = YES;
				CLANG_WARN_DEPRECATED_OBJC_IMPLEMENTATIONS = YES;
				CLANG_WARN_DIRECT_OBJC_ISA_USAGE = YES_ERROR;
				CLANG_WARN_DOCUMENTATION_COMMENTS = YES;
				CLANG_WARN_EMPTY_BODY = YES;
				CLANG_WARN_ENUM_CONVERSION = YES;
				CLANG_WARN_INFINITE_RECURSION = YES;
				CLANG_WARN_INT_CONVERSION = YES;
				CLANG_WARN_NON_LITERAL_NULL_CONVERSION = YES;
				CLANG_WARN_OBJC_IMPLICIT_RETAIN_SELF = YES;
				CLANG_WARN_OBJC_LITERAL_CONVERSION = YES;
				CLANG_WARN_OBJC_ROOT_CLASS = YES_ERROR;
				CLANG_WARN_RANGE_LOOP_ANALYSIS = YES;
				CLANG_WARN_STRICT_PROTOTYPES = YES;
				CLANG_WARN_SUSPICIOUS_MOVE = YES;
				CLANG_WARN_UNGUARDED_AVAILABILITY = YES_AGGRESSIVE;
				CLANG_WARN_UNREACHABLE_CODE = YES;
				CLANG_WARN__DUPLICATE_METHOD_MATCH = YES;
				COPY_PHASE_STRIP = NO;
				DEBUG_INFORMATION_FORMAT = "dwarf-with-dsym";
				ENABLE_NS_ASSERTIONS = NO;
				ENABLE_STRICT_OBJC_MSGSEND = YES;
				GCC_C_LANGUAGE_STANDARD = gnu11;
				GCC_NO_COMMON_BLOCKS = YES;
				GCC_WARN_64_TO_32_BIT_CONVERSION = YES;
				GCC_WARN_ABOUT_RETURN_TYPE = YES_ERROR;
				GCC_WARN_UNDECLARED_SELECTOR = YES;
				GCC_WARN_UNINITIALIZED_AUTOS = YES_AGGRESSIVE;
				GCC_WARN_UNUSED_FUNCTION = YES;
				GCC_WARN_UNUSED_VARIABLE = YES;
				IPHONEOS_DEPLOYMENT_TARGET = 13.2;
				MTL_ENABLE_DEBUG_INFO = NO;
				MTL_FAST_MATH = YES;
				SDKROOT = iphoneos;
				SWIFT_COMPILATION_MODE = wholemodule;
				SWIFT_OPTIMIZATION_LEVEL = "-O";
				VALIDATE_PRODUCT = YES;
			};
			name = Release;
		};
		095E43DA268BACCB0048D80C /* Debug */ = {
			isa = XCBuildConfiguration;
			buildSettings = {
				ASSETCATALOG_COMPILER_APPICON_NAME = AppIcon;
				CODE_SIGN_STYLE = Automatic;
				INFOPLIST_FILE = TranquiliTree/Info.plist;
				LD_RUNPATH_SEARCH_PATHS = (
					"$(inherited)",
					"@executable_path/Frameworks",
				);
				PRODUCT_BUNDLE_IDENTIFIER = com.example.TranquiliTree;
				PRODUCT_NAME = "$(TARGET_NAME)";
				SWIFT_VERSION = 5.0;
				TARGETED_DEVICE_FAMILY = "1,2";
			};
			name = Debug;
		};
		095E43DB268BACCB0048D80C /* Release */ = {
			isa = XCBuildConfiguration;
			buildSettings = {
				ASSETCATALOG_COMPILER_APPICON_NAME = AppIcon;
				CODE_SIGN_STYLE = Automatic;
				INFOPLIST_FILE = TranquiliTree/Info.plist;
				LD_RUNPATH_SEARCH_PATHS = (
					"$(inherited)",
					"@executable_path/Frameworks",
				);
				PRODUCT_BUNDLE_IDENTIFIER = com.example.TranquiliTree;
				PRODUCT_NAME = "$(TARGET_NAME)";
				SWIFT_VERSION = 5.0;
				TARGETED_DEVICE_FAMILY = "1,2";
			};
			name = Release;
		};
/* End XCBuildConfiguration section */

/* Begin XCConfigurationList section */
		095E43C0268BACC50048D80C /* Build configuration list for PBXProject "TranquiliTree" */ = {
			isa = XCConfigurationList;
			buildConfigurations = (
				095E43D7268BACCB0048D80C /* Debug */,
				095E43D8268BACCB0048D80C /* Release */,
			);
			defaultConfigurationIsVisible = 0;
			defaultConfigurationName = Release;
		};
		095E43D9268BACCB0048D80C /* Build configuration list for PBXNativeTarget "TranquiliTree" */ = {
			isa = XCConfigurationList;
			buildConfigurations = (
				095E43DA268BACCB0048D80C /* Debug */,
				095E43DB268BACCB0048D80C /* Release */,
			);
			defaultConfigurationIsVisible = 0;
			defaultConfigurationName = Release;
		};
/* End XCConfigurationList section */

/* Begin XCVersionGroup section */
		91F5390A268E43AE00A2A5A0 /* DataModel.xcdatamodeld */ = {
			isa = XCVersionGroup;
			children = (
				91F5390B268E43AE00A2A5A0 /* DataModel.xcdatamodel */,
			);
			currentVersion = 91F5390B268E43AE00A2A5A0 /* DataModel.xcdatamodel */;
			path = DataModel.xcdatamodeld;
			sourceTree = "<group>";
			versionGroupType = wrapper.xcdatamodel;
		};
/* End XCVersionGroup section */
	};
	rootObject = 095E43BD268BACC50048D80C /* Project object */;
}
